
Microsoft Visual Studio Solution File, Format Version 10.00
# Visual Studio 2008
Project("{FAE04EC0-301F-11D3-BF4B-00C04F79EFBC}") = "DiscMath", "DiscMath\DiscMath.csproj", "{DB6CEB40-94A6-4EDA-A405-534C0F43AAF3}"
EndProject
Global
	GlobalSection(SolutionConfigurationPlatforms) = preSolution
		Debug|Any CPU = Debug|Any CPU
		Release|Any CPU = Release|Any CPU
	EndGlobalSection
	GlobalSection(ProjectConfigurationPlatforms) = postSolution
		{DB6CEB40-94A6-4EDA-A405-534C0F43AAF3}.Debug|Any CPU.ActiveCfg = Debug|Any CPU
		{DB6CEB40-94A6-4EDA-A405-534C0F43AAF3}.Debug|Any CPU.Build.0 = Debug|Any CPU
		{DB6CEB40-94A6-4EDA-A405-534C0F43AAF3}.Release|Any CPU.ActiveCfg = Release|Any CPU
		{DB6CEB40-94A6-4EDA-A405-534C0F43AAF3}.Release|Any CPU.Build.0 = Release|Any CPU
	EndGlobalSection
	GlobalSection(SolutionProperties) = preSolution
		HideSolutionNode = FALSE
	EndGlobalSection
EndGlobal
